
Microsoft Visual Studio Solution File, Format Version 12.00
# Visual Studio Version 16
VisualStudioVersion = 16.0.31727.386
MinimumVisualStudioVersion = 10.0.40219.1
Project("{FAE04EC0-301F-11D3-BF4B-00C04F79EFBC}") = "RestaurantOrder", "RestaurantOrder\RestaurantOrder.csproj", "{4C5293E2-556B-407D-96C6-423BC618ADE0}"
EndProject
Project("{2150E333-8FDC-42A3-9474-1A3956D46DE8}") = "Domain", "Domain", "{840425CF-B642-44A3-B99C-455B458BB8FF}"
EndProject
Project("{2150E333-8FDC-42A3-9474-1A3956D46DE8}") = "Infrastructure", "Infrastructure", "{B44D477A-9CAC-4B5D-84AC-B96796FD851B}"
EndProject
Project("{2150E333-8FDC-42A3-9474-1A3956D46DE8}") = "Services", "Services", "{C6DD3E48-D8B0-43F8-8CCB-7C7CE382308B}"
EndProject
Project("{FAE04EC0-301F-11D3-BF4B-00C04F79EFBC}") = "RestaurantOrder.Domain.Core", "RestaurantOrder.Domain.Core\RestaurantOrder.Domain.Core.csproj", "{CF8CC822-B3F6-4240-80FE-F2DC6576D770}"
EndProject
Project("{FAE04EC0-301F-11D3-BF4B-00C04F79EFBC}") = "RestaurantOrder.Domain.Interfaces", "RestaurantOrder.Domain.Interfaces\RestaurantOrder.Domain.Interfaces.csproj", "{4C7F24A6-E949-4DC5-8EE6-3CC5F80163A3}"
EndProject
Project("{FAE04EC0-301F-11D3-BF4B-00C04F79EFBC}") = "RestaurantOrder.Infrastructure.Business", "RestaurantOrder.Infrastructure.Business\RestaurantOrder.Infrastructure.Business.csproj", "{83CEBC22-97CB-4B75-909A-71F399355BB8}"
EndProject
Project("{FAE04EC0-301F-11D3-BF4B-00C04F79EFBC}") = "RestaurantOrder.Infrastructure.Data", "RestaurantOrder.Infrastructure.Data\RestaurantOrder.Infrastructure.Data.csproj", "{976FF0ED-DD33-4C9A-B051-17F07318D6A5}"
EndProject
Project("{FAE04EC0-301F-11D3-BF4B-00C04F79EFBC}") = "RestaurantOrder.Services.Interfaces", "RestaurantOrder.Services.Interfaces\RestaurantOrder.Services.Interfaces.csproj", "{E20E281C-A6E6-4D08-B441-1DD7E02ED888}"
EndProject
Global
	GlobalSection(SolutionConfigurationPlatforms) = preSolution
		Debug|Any CPU = Debug|Any CPU
		Release|Any CPU = Release|Any CPU
	EndGlobalSection
	GlobalSection(ProjectConfigurationPlatforms) = postSolution
		{4C5293E2-556B-407D-96C6-423BC618ADE0}.Debug|Any CPU.ActiveCfg = Debug|Any CPU
		{4C5293E2-556B-407D-96C6-423BC618ADE0}.Debug|Any CPU.Build.0 = Debug|Any CPU
		{4C5293E2-556B-407D-96C6-423BC618ADE0}.Release|Any CPU.ActiveCfg = Release|Any CPU
		{4C5293E2-556B-407D-96C6-423BC618ADE0}.Release|Any CPU.Build.0 = Release|Any CPU
		{CF8CC822-B3F6-4240-80FE-F2DC6576D770}.Debug|Any CPU.ActiveCfg = Debug|Any CPU
		{CF8CC822-B3F6-4240-80FE-F2DC6576D770}.Debug|Any CPU.Build.0 = Debug|Any CPU
		{CF8CC822-B3F6-4240-80FE-F2DC6576D770}.Release|Any CPU.ActiveCfg = Release|Any CPU
		{CF8CC822-B3F6-4240-80FE-F2DC6576D770}.Release|Any CPU.Build.0 = Release|Any CPU
		{4C7F24A6-E949-4DC5-8EE6-3CC5F80163A3}.Debug|Any CPU.ActiveCfg = Debug|Any CPU
		{4C7F24A6-E949-4DC5-8EE6-3CC5F80163A3}.Debug|Any CPU.Build.0 = Debug|Any CPU
		{4C7F24A6-E949-4DC5-8EE6-3CC5F80163A3}.Release|Any CPU.ActiveCfg = Release|Any CPU
		{4C7F24A6-E949-4DC5-8EE6-3CC5F80163A3}.Release|Any CPU.Build.0 = Release|Any CPU
		{83CEBC22-97CB-4B75-909A-71F399355BB8}.Debug|Any CPU.ActiveCfg = Debug|Any CPU
		{83CEBC22-97CB-4B75-909A-71F399355BB8}.Debug|Any CPU.Build.0 = Debug|Any CPU
		{83CEBC22-97CB-4B75-909A-71F399355BB8}.Release|Any CPU.ActiveCfg = Release|Any CPU
		{83CEBC22-97CB-4B75-909A-71F399355BB8}.Release|Any CPU.Build.0 = Release|Any CPU
		{976FF0ED-DD33-4C9A-B051-17F07318D6A5}.Debug|Any CPU.ActiveCfg = Debug|Any CPU
		{976FF0ED-DD33-4C9A-B051-17F07318D6A5}.Debug|Any CPU.Build.0 = Debug|Any CPU
		{976FF0ED-DD33-4C9A-B051-17F07318D6A5}.Release|Any CPU.ActiveCfg = Release|Any CPU
		{976FF0ED-DD33-4C9A-B051-17F07318D6A5}.Release|Any CPU.Build.0 = Release|Any CPU
		{E20E281C-A6E6-4D08-B441-1DD7E02ED888}.Debug|Any CPU.ActiveCfg = Debug|Any CPU
		{E20E281C-A6E6-4D08-B441-1DD7E02ED888}.Debug|Any CPU.Build.0 = Debug|Any CPU
		{E20E281C-A6E6-4D08-B441-1DD7E02ED888}.Release|Any CPU.ActiveCfg = Release|Any CPU
		{E20E281C-A6E6-4D08-B441-1DD7E02ED888}.Release|Any CPU.Build.0 = Release|Any CPU
	EndGlobalSection
	GlobalSection(SolutionProperties) = preSolution
		HideSolutionNode = FALSE
	EndGlobalSection
	GlobalSection(NestedProjects) = preSolution
		{CF8CC822-B3F6-4240-80FE-F2DC6576D770} = {840425CF-B642-44A3-B99C-455B458BB8FF}
		{4C7F24A6-E949-4DC5-8EE6-3CC5F80163A3} = {840425CF-B642-44A3-B99C-455B458BB8FF}
		{83CEBC22-97CB-4B75-909A-71F399355BB8} = {B44D477A-9CAC-4B5D-84AC-B96796FD851B}
		{976FF0ED-DD33-4C9A-B051-17F07318D6A5} = {B44D477A-9CAC-4B5D-84AC-B96796FD851B}
		{E20E281C-A6E6-4D08-B441-1DD7E02ED888} = {C6DD3E48-D8B0-43F8-8CCB-7C7CE382308B}
	EndGlobalSection
	GlobalSection(ExtensibilityGlobals) = postSolution
		SolutionGuid = {C0BA0C6F-2123-46B6-A8D7-A390E6E12C5C}
	EndGlobalSection
EndGlobal
